
Microsoft Visual Studio Solution File, Format Version 12.00
# Visual Studio Version 17
VisualStudioVersion = 17.4.33110.190
MinimumVisualStudioVersion = 10.0.40219.1
Project("{FAE04EC0-301F-11D3-BF4B-00C04F79EFBC}") = "WindowsFormsApp2", "WindowsFormsApp2\WindowsFormsApp2.csproj", "{08AFD6F9-7405-4F83-884C-5D311387EDE2}"
EndProject
Global
	GlobalSection(SolutionConfigurationPlatforms) = preSolution
		Debug|Any CPU = Debug|Any CPU
		Release|Any CPU = Release|Any CPU
	EndGlobalSection
	GlobalSection(ProjectConfigurationPlatforms) = postSolution
		{08AFD6F9-7405-4F83-884C-5D311387EDE2}.Debug|Any CPU.ActiveCfg = Debug|Any CPU
		{08AFD6F9-7405-4F83-884C-5D311387EDE2}.Debug|Any CPU.Build.0 = Debug|Any CPU
		{08AFD6F9-7405-4F83-884C-5D311387EDE2}.Release|Any CPU.ActiveCfg = Release|Any CPU
		{08AFD6F9-7405-4F83-884C-5D311387EDE2}.Release|Any CPU.Build.0 = Release|Any CPU
	EndGlobalSection
	GlobalSection(SolutionProperties) = preSolution
		HideSolutionNode = FALSE
	EndGlobalSection
	GlobalSection(ExtensibilityGlobals) = postSolution
		SolutionGuid = {6C962880-FDCD-4D99-8932-8B744F7E3B2C}
	EndGlobalSection
EndGlobal
